// !$*UTF8*$!
{
	archiveVersion = 1;
	classes = {
	};
	objectVersion = 46;
	objects = {

/* Begin PBXBuildFile section */
		047950351C8A8F640074288C /* main.m in Sources */ = {isa = PBXBuildFile; fileRef = 047950341C8A8F640074288C /* main.m */; };
		047950381C8A8F640074288C /* AppDelegate.m in Sources */ = {isa = PBXBuildFile; fileRef = 047950371C8A8F640074288C /* AppDelegate.m */; };
		047950401C8A8F640074288C /* Assets.xcassets in Resources */ = {isa = PBXBuildFile; fileRef = 0479503F1C8A8F640074288C /* Assets.xcassets */; };
		047950431C8A8F640074288C /* LaunchScreen.storyboard in Resources */ = {isa = PBXBuildFile; fileRef = 047950411C8A8F640074288C /* LaunchScreen.storyboard */; };
		04D204AA1C8B2F4F00A5E602 /* HomeViewController.m in Sources */ = {isa = PBXBuildFile; fileRef = 04D204A91C8B2F4F00A5E602 /* HomeViewController.m */; };
		04D204AD1C8B2F6800A5E602 /* MessageViewController.m in Sources */ = {isa = PBXBuildFile; fileRef = 04D204AC1C8B2F6800A5E602 /* MessageViewController.m */; };
		04D204B01C8B2F8E00A5E602 /* DiscoverViewController.m in Sources */ = {isa = PBXBuildFile; fileRef = 04D204AF1C8B2F8E00A5E602 /* DiscoverViewController.m */; };
		04D204B31C8B2FA800A5E602 /* ProfileViewController.m in Sources */ = {isa = PBXBuildFile; fileRef = 04D204B21C8B2FA800A5E602 /* ProfileViewController.m */; };
		04D204B61C8B371C00A5E602 /* LMTabBarController.m in Sources */ = {isa = PBXBuildFile; fileRef = 04D204B51C8B371C00A5E602 /* LMTabBarController.m */; };
		04D204BD1C8D33DD00A5E602 /* Test1ViewController.m in Sources */ = {isa = PBXBuildFile; fileRef = 04D204BB1C8D33DD00A5E602 /* Test1ViewController.m */; };
		04D204BE1C8D33DD00A5E602 /* Test1ViewController.xib in Resources */ = {isa = PBXBuildFile; fileRef = 04D204BC1C8D33DD00A5E602 /* Test1ViewController.xib */; };
		04D204C21C8D392C00A5E602 /* Test2ViewController.m in Sources */ = {isa = PBXBuildFile; fileRef = 04D204C01C8D392C00A5E602 /* Test2ViewController.m */; };
		04D204C31C8D392C00A5E602 /* Test2ViewController.xib in Resources */ = {isa = PBXBuildFile; fileRef = 04D204C11C8D392C00A5E602 /* Test2ViewController.xib */; };
		04D204C61C8D5F3700A5E602 /* LMNavigationController.m in Sources */ = {isa = PBXBuildFile; fileRef = 04D204C51C8D5F3700A5E602 /* LMNavigationController.m */; };
/* End PBXBuildFile section */

/* Begin PBXFileReference section */
		047950301C8A8F640074288C /* weibo2016.app */ = {isa = PBXFileReference; explicitFileType = wrapper.application; includeInIndex = 0; path = weibo2016.app; sourceTree = BUILT_PRODUCTS_DIR; };
		047950341C8A8F640074288C /* main.m */ = {isa = PBXFileReference; lastKnownFileType = sourcecode.c.objc; path = main.m; sourceTree = "<group>"; };
		047950361C8A8F640074288C /* AppDelegate.h */ = {isa = PBXFileReference; lastKnownFileType = sourcecode.c.h; path = AppDelegate.h; sourceTree = "<group>"; };
		047950371C8A8F640074288C /* AppDelegate.m */ = {isa = PBXFileReference; lastKnownFileType = sourcecode.c.objc; path = AppDelegate.m; sourceTree = "<group>"; };
		0479503F1C8A8F640074288C /* Assets.xcassets */ = {isa = PBXFileReference; lastKnownFileType = folder.assetcatalog; path = Assets.xcassets; sourceTree = "<group>"; };
		047950421C8A8F640074288C /* Base */ = {isa = PBXFileReference; lastKnownFileType = file.storyboard; name = Base; path = Base.lproj/LaunchScreen.storyboard; sourceTree = "<group>"; };
		047950441C8A8F640074288C /* Info.plist */ = {isa = PBXFileReference; lastKnownFileType = text.plist.xml; path = Info.plist; sourceTree = "<group>"; };
		04D204A81C8B2F4F00A5E602 /* HomeViewController.h */ = {isa = PBXFileReference; fileEncoding = 4; lastKnownFileType = sourcecode.c.h; path = HomeViewController.h; sourceTree = "<group>"; };
		04D204A91C8B2F4F00A5E602 /* HomeViewController.m */ = {isa = PBXFileReference; fileEncoding = 4; lastKnownFileType = sourcecode.c.objc; path = HomeViewController.m; sourceTree = "<group>"; };
		04D204AB1C8B2F6800A5E602 /* MessageViewController.h */ = {isa = PBXFileReference; fileEncoding = 4; lastKnownFileType = sourcecode.c.h; path = MessageViewController.h; sourceTree = "<group>"; };
		04D204AC1C8B2F6800A5E602 /* MessageViewController.m */ = {isa = PBXFileReference; fileEncoding = 4; lastKnownFileType = sourcecode.c.objc; path = MessageViewController.m; sourceTree = "<group>"; };
		04D204AE1C8B2F8E00A5E602 /* DiscoverViewController.h */ = {isa = PBXFileReference; fileEncoding = 4; lastKnownFileType = sourcecode.c.h; path = DiscoverViewController.h; sourceTree = "<group>"; };
		04D204AF1C8B2F8E00A5E602 /* DiscoverViewController.m */ = {isa = PBXFileReference; fileEncoding = 4; lastKnownFileType = sourcecode.c.objc; path = DiscoverViewController.m; sourceTree = "<group>"; };
		04D204B11C8B2FA800A5E602 /* ProfileViewController.h */ = {isa = PBXFileReference; fileEncoding = 4; lastKnownFileType = sourcecode.c.h; path = ProfileViewController.h; sourceTree = "<group>"; };
		04D204B21C8B2FA800A5E602 /* ProfileViewController.m */ = {isa = PBXFileReference; fileEncoding = 4; lastKnownFileType = sourcecode.c.objc; path = ProfileViewController.m; sourceTree = "<group>"; };
		04D204B41C8B371C00A5E602 /* LMTabBarController.h */ = {isa = PBXFileReference; fileEncoding = 4; lastKnownFileType = sourcecode.c.h; path = LMTabBarController.h; sourceTree = "<group>"; };
		04D204B51C8B371C00A5E602 /* LMTabBarController.m */ = {isa = PBXFileReference; fileEncoding = 4; lastKnownFileType = sourcecode.c.objc; path = LMTabBarController.m; sourceTree = "<group>"; };
		04D204BA1C8D33DD00A5E602 /* Test1ViewController.h */ = {isa = PBXFileReference; fileEncoding = 4; lastKnownFileType = sourcecode.c.h; name = Test1ViewController.h; path = ../Test1ViewController.h; sourceTree = "<group>"; };
		04D204BB1C8D33DD00A5E602 /* Test1ViewController.m */ = {isa = PBXFileReference; fileEncoding = 4; lastKnownFileType = sourcecode.c.objc; name = Test1ViewController.m; path = ../Test1ViewController.m; sourceTree = "<group>"; };
		04D204BC1C8D33DD00A5E602 /* Test1ViewController.xib */ = {isa = PBXFileReference; fileEncoding = 4; lastKnownFileType = file.xib; name = Test1ViewController.xib; path = ../Test1ViewController.xib; sourceTree = "<group>"; };
		04D204BF1C8D392C00A5E602 /* Test2ViewController.h */ = {isa = PBXFileReference; fileEncoding = 4; lastKnownFileType = sourcecode.c.h; path = Test2ViewController.h; sourceTree = "<group>"; };
		04D204C01C8D392C00A5E602 /* Test2ViewController.m */ = {isa = PBXFileReference; fileEncoding = 4; lastKnownFileType = sourcecode.c.objc; path = Test2ViewController.m; sourceTree = "<group>"; };
		04D204C11C8D392C00A5E602 /* Test2ViewController.xib */ = {isa = PBXFileReference; fileEncoding = 4; lastKnownFileType = file.xib; path = Test2ViewController.xib; sourceTree = "<group>"; };
		04D204C41C8D5F3700A5E602 /* LMNavigationController.h */ = {isa = PBXFileReference; fileEncoding = 4; lastKnownFileType = sourcecode.c.h; path = LMNavigationController.h; sourceTree = "<group>"; };
		04D204C51C8D5F3700A5E602 /* LMNavigationController.m */ = {isa = PBXFileReference; fileEncoding = 4; lastKnownFileType = sourcecode.c.objc; path = LMNavigationController.m; sourceTree = "<group>"; };
/* End PBXFileReference section */

/* Begin PBXFrameworksBuildPhase section */
		0479502D1C8A8F640074288C /* Frameworks */ = {
			isa = PBXFrameworksBuildPhase;
			buildActionMask = 2147483647;
			files = (
			);
			runOnlyForDeploymentPostprocessing = 0;
		};
/* End PBXFrameworksBuildPhase section */

/* Begin PBXGroup section */
		047950271C8A8F640074288C = {
			isa = PBXGroup;
			children = (
				047950321C8A8F640074288C /* weibo2016 */,
				047950311C8A8F640074288C /* Products */,
			);
			sourceTree = "<group>";
		};
		047950311C8A8F640074288C /* Products */ = {
			isa = PBXGroup;
			children = (
				047950301C8A8F640074288C /* weibo2016.app */,
			);
			name = Products;
			sourceTree = "<group>";
		};
		047950321C8A8F640074288C /* weibo2016 */ = {
			isa = PBXGroup;
			children = (
				047950361C8A8F640074288C /* AppDelegate.h */,
				047950371C8A8F640074288C /* AppDelegate.m */,
				04D204B41C8B371C00A5E602 /* LMTabBarController.h */,
				04D204B51C8B371C00A5E602 /* LMTabBarController.m */,
				04D204C41C8D5F3700A5E602 /* LMNavigationController.h */,
				04D204C51C8D5F3700A5E602 /* LMNavigationController.m */,
				0479503F1C8A8F640074288C /* Assets.xcassets */,
				047950411C8A8F640074288C /* LaunchScreen.storyboard */,
				047950441C8A8F640074288C /* Info.plist */,
				047950331C8A8F640074288C /* Supporting Files */,
				04D204A81C8B2F4F00A5E602 /* HomeViewController.h */,
				04D204A91C8B2F4F00A5E602 /* HomeViewController.m */,
				04D204AB1C8B2F6800A5E602 /* MessageViewController.h */,
				04D204AC1C8B2F6800A5E602 /* MessageViewController.m */,
				04D204AE1C8B2F8E00A5E602 /* DiscoverViewController.h */,
				04D204AF1C8B2F8E00A5E602 /* DiscoverViewController.m */,
				04D204B11C8B2FA800A5E602 /* ProfileViewController.h */,
				04D204B21C8B2FA800A5E602 /* ProfileViewController.m */,
				04D204BA1C8D33DD00A5E602 /* Test1ViewController.h */,
				04D204BB1C8D33DD00A5E602 /* Test1ViewController.m */,
				04D204BC1C8D33DD00A5E602 /* Test1ViewController.xib */,
				04D204BF1C8D392C00A5E602 /* Test2ViewController.h */,
				04D204C01C8D392C00A5E602 /* Test2ViewController.m */,
				04D204C11C8D392C00A5E602 /* Test2ViewController.xib */,
			);
			path = weibo2016;
			sourceTree = "<group>";
		};
		047950331C8A8F640074288C /* Supporting Files */ = {
			isa = PBXGroup;
			children = (
				047950341C8A8F640074288C /* main.m */,
			);
			name = "Supporting Files";
			sourceTree = "<group>";
		};
/* End PBXGroup section */

/* Begin PBXNativeTarget section */
		0479502F1C8A8F640074288C /* weibo2016 */ = {
			isa = PBXNativeTarget;
			buildConfigurationList = 047950471C8A8F640074288C /* Build configuration list for PBXNativeTarget "weibo2016" */;
			buildPhases = (
				0479502C1C8A8F640074288C /* Sources */,
				0479502D1C8A8F640074288C /* Frameworks */,
				0479502E1C8A8F640074288C /* Resources */,
			);
			buildRules = (
			);
			dependencies = (
			);
			name = weibo2016;
			productName = weibo2016;
			productReference = 047950301C8A8F640074288C /* weibo2016.app */;
			productType = "com.apple.product-type.application";
		};
/* End PBXNativeTarget section */

/* Begin PBXProject section */
		047950281C8A8F640074288C /* Project object */ = {
			isa = PBXProject;
			attributes = {
				LastUpgradeCheck = 0720;
				ORGANIZATIONNAME = songlm;
				TargetAttributes = {
					0479502F1C8A8F640074288C = {
						CreatedOnToolsVersion = 7.2;
						DevelopmentTeam = HY3PC8HGR4;
					};
				};
			};
			buildConfigurationList = 0479502B1C8A8F640074288C /* Build configuration list for PBXProject "weibo2016" */;
			compatibilityVersion = "Xcode 3.2";
			developmentRegion = English;
			hasScannedForEncodings = 0;
			knownRegions = (
				en,
				Base,
			);
			mainGroup = 047950271C8A8F640074288C;
			productRefGroup = 047950311C8A8F640074288C /* Products */;
			projectDirPath = "";
			projectRoot = "";
			targets = (
				0479502F1C8A8F640074288C /* weibo2016 */,
			);
		};
/* End PBXProject section */

/* Begin PBXResourcesBuildPhase section */
		0479502E1C8A8F640074288C /* Resources */ = {
			isa = PBXResourcesBuildPhase;
			buildActionMask = 2147483647;
			files = (
				047950431C8A8F640074288C /* LaunchScreen.storyboard in Resources */,
				04D204C31C8D392C00A5E602 /* Test2ViewController.xib in Resources */,
				047950401C8A8F640074288C /* Assets.xcassets in Resources */,
				04D204BE1C8D33DD00A5E602 /* Test1ViewController.xib in Resources */,
			);
			runOnlyForDeploymentPostprocessing = 0;
		};
/* End PBXResourcesBuildPhase section */

/* Begin PBXSourcesBuildPhase section */
		0479502C1C8A8F640074288C /* Sources */ = {
			isa = PBXSourcesBuildPhase;
			buildActionMask = 2147483647;
			files = (
				04D204BD1C8D33DD00A5E602 /* Test1ViewController.m in Sources */,
				047950381C8A8F640074288C /* AppDelegate.m in Sources */,
				04D204B01C8B2F8E00A5E602 /* DiscoverViewController.m in Sources */,
				04D204C21C8D392C00A5E602 /* Test2ViewController.m in Sources */,
				04D204B31C8B2FA800A5E602 /* ProfileViewController.m in Sources */,
				047950351C8A8F640074288C /* main.m in Sources */,
				04D204C61C8D5F3700A5E602 /* LMNavigationController.m in Sources */,
				04D204AA1C8B2F4F00A5E602 /* HomeViewController.m in Sources */,
				04D204B61C8B371C00A5E602 /* LMTabBarController.m in Sources */,
				04D204AD1C8B2F6800A5E602 /* MessageViewController.m in Sources */,
			);
			runOnlyForDeploymentPostprocessing = 0;
		};
/* End PBXSourcesBuildPhase section */

/* Begin PBXVariantGroup section */
		047950411C8A8F640074288C /* LaunchScreen.storyboard */ = {
			isa = PBXVariantGroup;
			children = (
				047950421C8A8F640074288C /* Base */,
			);
			name = LaunchScreen.storyboard;
			sourceTree = "<group>";
		};
/* End PBXVariantGroup section */

/* Begin XCBuildConfiguration section */
		047950451C8A8F640074288C /* Debug */ = {
			isa = XCBuildConfiguration;
			buildSettings = {
				ALWAYS_SEARCH_USER_PATHS = NO;
				CLANG_CXX_LANGUAGE_STANDARD = "gnu++0x";
				CLANG_CXX_LIBRARY = "libc++";
				CLANG_ENABLE_MODULES = YES;
				CLANG_ENABLE_OBJC_ARC = YES;
				CLANG_WARN_BOOL_CONVERSION = YES;
				CLANG_WARN_CONSTANT_CONVERSION = YES;
				CLANG_WARN_DIRECT_OBJC_ISA_USAGE = YES_ERROR;
				CLANG_WARN_EMPTY_BODY = YES;
				CLANG_WARN_ENUM_CONVERSION = YES;
				CLANG_WARN_INT_CONVERSION = YES;
				CLANG_WARN_OBJC_ROOT_CLASS = YES_ERROR;
				CLANG_WARN_UNREACHABLE_CODE = YES;
				CLANG_WARN__DUPLICATE_METHOD_MATCH = YES;
				"CODE_SIGN_IDENTITY[sdk=iphoneos*]" = "iPhone Developer";
				COPY_PHASE_STRIP = NO;
				DEBUG_INFORMATION_FORMAT = dwarf;
				ENABLE_STRICT_OBJC_MSGSEND = YES;
				ENABLE_TESTABILITY = YES;
				GCC_C_LANGUAGE_STANDARD = gnu99;
				GCC_DYNAMIC_NO_PIC = NO;
				GCC_NO_COMMON_BLOCKS = YES;
				GCC_OPTIMIZATION_LEVEL = 0;
				GCC_PREPROCESSOR_DEFINITIONS = (
					"DEBUG=1",
					"$(inherited)",
				);
				GCC_WARN_64_TO_32_BIT_CONVERSION = YES;
				GCC_WARN_ABOUT_RETURN_TYPE = YES_ERROR;
				GCC_WARN_UNDECLARED_SELECTOR = YES;
				GCC_WARN_UNINITIALIZED_AUTOS = YES_AGGRESSIVE;
				GCC_WARN_UNUSED_FUNCTION = YES;
				GCC_WARN_UNUSED_VARIABLE = YES;
				IPHONEOS_DEPLOYMENT_TARGET = 9.2;
				MTL_ENABLE_DEBUG_INFO = YES;
				ONLY_ACTIVE_ARCH = YES;
				SDKROOT = iphoneos;
			};
			name = Debug;
		};
		047950461C8A8F640074288C /* Release */ = {
			isa = XCBuildConfiguration;
			buildSettings = {
				ALWAYS_SEARCH_USER_PATHS = NO;
				CLANG_CXX_LANGUAGE_STANDARD = "gnu++0x";
				CLANG_CXX_LIBRARY = "libc++";
				CLANG_ENABLE_MODULES = YES;
				CLANG_ENABLE_OBJC_ARC = YES;
				CLANG_WARN_BOOL_CONVERSION = YES;
				CLANG_WARN_CONSTANT_CONVERSION = YES;
				CLANG_WARN_DIRECT_OBJC_ISA_USAGE = YES_ERROR;
				CLANG_WARN_EMPTY_BODY = YES;
				CLANG_WARN_ENUM_CONVERSION = YES;
				CLANG_WARN_INT_CONVERSION = YES;
				CLANG_WARN_OBJC_ROOT_CLASS = YES_ERROR;
				CLANG_WARN_UNREACHABLE_CODE = YES;
				CLANG_WARN__DUPLICATE_METHOD_MATCH = YES;
				"CODE_SIGN_IDENTITY[sdk=iphoneos*]" = "iPhone Developer";
				COPY_PHASE_STRIP = NO;
				DEBUG_INFORMATION_FORMAT = "dwarf-with-dsym";
				ENABLE_NS_ASSERTIONS = NO;
				ENABLE_STRICT_OBJC_MSGSEND = YES;
				GCC_C_LANGUAGE_STANDARD = gnu99;
				GCC_NO_COMMON_BLOCKS = YES;
				GCC_WARN_64_TO_32_BIT_CONVERSION = YES;
				GCC_WARN_ABOUT_RETURN_TYPE = YES_ERROR;
				GCC_WARN_UNDECLARED_SELECTOR = YES;
				GCC_WARN_UNINITIALIZED_AUTOS = YES_AGGRESSIVE;
				GCC_WARN_UNUSED_FUNCTION = YES;
				GCC_WARN_UNUSED_VARIABLE = YES;
				IPHONEOS_DEPLOYMENT_TARGET = 9.2;
				MTL_ENABLE_DEBUG_INFO = NO;
				SDKROOT = iphoneos;
				VALIDATE_PRODUCT = YES;
			};
			name = Release;
		};
		047950481C8A8F640074288C /* Debug */ = {
			isa = XCBuildConfiguration;
			buildSettings = {
				ASSETCATALOG_COMPILER_APPICON_NAME = AppIcon;
				INFOPLIST_FILE = weibo2016/Info.plist;
				IPHONEOS_DEPLOYMENT_TARGET = 7.0;
				LD_RUNPATH_SEARCH_PATHS = "$(inherited) @executable_path/Frameworks";
				PRODUCT_BUNDLE_IDENTIFIER = com.song.weibo2016;
				PRODUCT_NAME = "$(TARGET_NAME)";
			};
			name = Debug;
		};
		047950491C8A8F640074288C /* Release */ = {
			isa = XCBuildConfiguration;
			buildSettings = {
				ASSETCATALOG_COMPILER_APPICON_NAME = AppIcon;
				INFOPLIST_FILE = weibo2016/Info.plist;
				IPHONEOS_DEPLOYMENT_TARGET = 7.0;
				LD_RUNPATH_SEARCH_PATHS = "$(inherited) @executable_path/Frameworks";
				PRODUCT_BUNDLE_IDENTIFIER = com.song.weibo2016;
				PRODUCT_NAME = "$(TARGET_NAME)";
			};
			name = Release;
		};
/* End XCBuildConfiguration section */

/* Begin XCConfigurationList section */
		0479502B1C8A8F640074288C /* Build configuration list for PBXProject "weibo2016" */ = {
			isa = XCConfigurationList;
			buildConfigurations = (
				047950451C8A8F640074288C /* Debug */,
				047950461C8A8F640074288C /* Release */,
			);
			defaultConfigurationIsVisible = 0;
			defaultConfigurationName = Release;
		};
		047950471C8A8F640074288C /* Build configuration list for PBXNativeTarget "weibo2016" */ = {
			isa = XCConfigurationList;
			buildConfigurations = (
				047950481C8A8F640074288C /* Debug */,
				047950491C8A8F640074288C /* Release */,
			);
			defaultConfigurationIsVisible = 0;
			defaultConfigurationName = Release;
		};
/* End XCConfigurationList section */
	};
	rootObject = 047950281C8A8F640074288C /* Project object */;
}
